
Microsoft Visual Studio Solution File, Format Version 12.00
# Visual Studio Version 16
VisualStudioVersion = 16.0.33423.256
MinimumVisualStudioVersion = 10.0.40219.1
Project("{FAE04EC0-301F-11D3-BF4B-00C04F79EFBC}") = "Silly clicker", "Silly clicker\Silly clicker.csproj", "{B0CB87A5-8710-4835-912A-E6CD9ABC06D9}"
EndProject
Global
	GlobalSection(SolutionConfigurationPlatforms) = preSolution
		Debug|Any CPU = Debug|Any CPU
		Release|Any CPU = Release|Any CPU
	EndGlobalSection
	GlobalSection(ProjectConfigurationPlatforms) = postSolution
		{B0CB87A5-8710-4835-912A-E6CD9ABC06D9}.Debug|Any CPU.ActiveCfg = Debug|Any CPU
		{B0CB87A5-8710-4835-912A-E6CD9ABC06D9}.Debug|Any CPU.Build.0 = Debug|Any CPU
		{B0CB87A5-8710-4835-912A-E6CD9ABC06D9}.Release|Any CPU.ActiveCfg = Release|Any CPU
		{B0CB87A5-8710-4835-912A-E6CD9ABC06D9}.Release|Any CPU.Build.0 = Release|Any CPU
	EndGlobalSection
	GlobalSection(SolutionProperties) = preSolution
		HideSolutionNode = FALSE
	EndGlobalSection
	GlobalSection(ExtensibilityGlobals) = postSolution
		SolutionGuid = {08371AAE-C316-4F88-AD4A-F1BE498C0B38}
	EndGlobalSection
EndGlobal
